
Microsoft Visual Studio Solution File, Format Version 12.00
# Visual Studio Version 17
VisualStudioVersion = 17.4.33213.308
MinimumVisualStudioVersion = 10.0.40219.1
Project("{8BC9CEB8-8B4A-11D0-8D11-00A0C91BC942}") = "RK1_task_2", "RK1_task_2\RK1_task_2.vcxproj", "{ACE39A38-A21D-488F-BEBB-A43A2652541A}"
EndProject
Global
	GlobalSection(SolutionConfigurationPlatforms) = preSolution
		Debug|x64 = Debug|x64
		Debug|x86 = Debug|x86
		Release|x64 = Release|x64
		Release|x86 = Release|x86
	EndGlobalSection
	GlobalSection(ProjectConfigurationPlatforms) = postSolution
		{ACE39A38-A21D-488F-BEBB-A43A2652541A}.Debug|x64.ActiveCfg = Debug|x64
		{ACE39A38-A21D-488F-BEBB-A43A2652541A}.Debug|x64.Build.0 = Debug|x64
		{ACE39A38-A21D-488F-BEBB-A43A2652541A}.Debug|x86.ActiveCfg = Debug|Win32
		{ACE39A38-A21D-488F-BEBB-A43A2652541A}.Debug|x86.Build.0 = Debug|Win32
		{ACE39A38-A21D-488F-BEBB-A43A2652541A}.Release|x64.ActiveCfg = Release|x64
		{ACE39A38-A21D-488F-BEBB-A43A2652541A}.Release|x64.Build.0 = Release|x64
		{ACE39A38-A21D-488F-BEBB-A43A2652541A}.Release|x86.ActiveCfg = Release|Win32
		{ACE39A38-A21D-488F-BEBB-A43A2652541A}.Release|x86.Build.0 = Release|Win32
	EndGlobalSection
	GlobalSection(SolutionProperties) = preSolution
		HideSolutionNode = FALSE
	EndGlobalSection
	GlobalSection(ExtensibilityGlobals) = postSolution
		SolutionGuid = {5DE440CD-0A7C-44C5-837B-5F80968840ED}
	EndGlobalSection
EndGlobal
